// !$*UTF8*$!
{
	archiveVersion = 1;
	classes = {
	};
	objectVersion = 55;
	objects = {

/* Begin PBXBuildFile section */
		1B2A88300D6B9171DD462A9A /* Pods_one2one_Beer_AppTests.framework in Frameworks */ = {isa = PBXBuildFile; fileRef = CE70AFE74D2B03C19242DC72 /* Pods_one2one_Beer_AppTests.framework */; };
		4994463628E847330057547C /* AppDelegate.swift in Sources */ = {isa = PBXBuildFile; fileRef = 4994463528E847330057547C /* AppDelegate.swift */; };
		4994463828E847330057547C /* SceneDelegate.swift in Sources */ = {isa = PBXBuildFile; fileRef = 4994463728E847330057547C /* SceneDelegate.swift */; };
		4994463A28E847330057547C /* BeersViewController.swift in Sources */ = {isa = PBXBuildFile; fileRef = 4994463928E847330057547C /* BeersViewController.swift */; };
		4994463D28E847330057547C /* Main.storyboard in Resources */ = {isa = PBXBuildFile; fileRef = 4994463B28E847330057547C /* Main.storyboard */; };
		4994463F28E847350057547C /* Assets.xcassets in Resources */ = {isa = PBXBuildFile; fileRef = 4994463E28E847350057547C /* Assets.xcassets */; };
		4994464228E847350057547C /* LaunchScreen.storyboard in Resources */ = {isa = PBXBuildFile; fileRef = 4994464028E847350057547C /* LaunchScreen.storyboard */; };
		4994464D28E847350057547C /* one2one_Beer_AppTests.swift in Sources */ = {isa = PBXBuildFile; fileRef = 4994464C28E847350057547C /* one2one_Beer_AppTests.swift */; };
		4994465728E847350057547C /* one2one_Beer_AppUITests.swift in Sources */ = {isa = PBXBuildFile; fileRef = 4994465628E847350057547C /* one2one_Beer_AppUITests.swift */; };
		4994465928E847350057547C /* one2one_Beer_AppUITestsLaunchTests.swift in Sources */ = {isa = PBXBuildFile; fileRef = 4994465828E847350057547C /* one2one_Beer_AppUITestsLaunchTests.swift */; };
		4994466B28EAF2B20057547C /* Beer.swift in Sources */ = {isa = PBXBuildFile; fileRef = 4994466A28EAF2B20057547C /* Beer.swift */; };
		4994466D28EAF5080057547C /* BeersViewModel.swift in Sources */ = {isa = PBXBuildFile; fileRef = 4994466C28EAF5080057547C /* BeersViewModel.swift */; };
		4994466F28EB121B0057547C /* ServiceManager.swift in Sources */ = {isa = PBXBuildFile; fileRef = 4994466E28EB121B0057547C /* ServiceManager.swift */; };
		4994467128EB31230057547C /* BeerApiManager.swift in Sources */ = {isa = PBXBuildFile; fileRef = 4994467028EB31230057547C /* BeerApiManager.swift */; };
		49ADAED628EEC0E900409AD5 /* BeerDetailViewController.swift in Sources */ = {isa = PBXBuildFile; fileRef = 49ADAED528EEC0E900409AD5 /* BeerDetailViewController.swift */; };
		49B7850128ED086E000F9579 /* BeerTableViewCell.swift in Sources */ = {isa = PBXBuildFile; fileRef = 49B7850028ED086E000F9579 /* BeerTableViewCell.swift */; };
		49BAC47528F093AB00F2A67F /* Helper.swift in Sources */ = {isa = PBXBuildFile; fileRef = 49BAC47428F093AB00F2A67F /* Helper.swift */; };
		BD5EF0D7DACAFBDE71EFC8D3 /* Pods_one2one_Beer_App.framework in Frameworks */ = {isa = PBXBuildFile; fileRef = E20B4B7AC6FC660C6507D335 /* Pods_one2one_Beer_App.framework */; };
		F60AECDEDBC9DA9045EE419A /* Pods_one2one_Beer_App_one2one_Beer_AppUITests.framework in Frameworks */ = {isa = PBXBuildFile; fileRef = E67B170F70B633DB79AB97AC /* Pods_one2one_Beer_App_one2one_Beer_AppUITests.framework */; };
/* End PBXBuildFile section */

/* Begin PBXContainerItemProxy section */
		4994464928E847350057547C /* PBXContainerItemProxy */ = {
			isa = PBXContainerItemProxy;
			containerPortal = 4994462A28E847330057547C /* Project object */;
			proxyType = 1;
			remoteGlobalIDString = 4994463128E847330057547C;
			remoteInfo = "one2one-Beer-App";
		};
		4994465328E847350057547C /* PBXContainerItemProxy */ = {
			isa = PBXContainerItemProxy;
			containerPortal = 4994462A28E847330057547C /* Project object */;
			proxyType = 1;
			remoteGlobalIDString = 4994463128E847330057547C;
			remoteInfo = "one2one-Beer-App";
		};
/* End PBXContainerItemProxy section */

/* Begin PBXFileReference section */
		05AF96A4FAE860707A238AFD /* Pods-one2one-Beer-AppTests.release.xcconfig */ = {isa = PBXFileReference; includeInIndex = 1; lastKnownFileType = text.xcconfig; name = "Pods-one2one-Beer-AppTests.release.xcconfig"; path = "Target Support Files/Pods-one2one-Beer-AppTests/Pods-one2one-Beer-AppTests.release.xcconfig"; sourceTree = "<group>"; };
		1AF8383429985D3D5655E5F5 /* Pods-one2one-Beer-App.release.xcconfig */ = {isa = PBXFileReference; includeInIndex = 1; lastKnownFileType = text.xcconfig; name = "Pods-one2one-Beer-App.release.xcconfig"; path = "Target Support Files/Pods-one2one-Beer-App/Pods-one2one-Beer-App.release.xcconfig"; sourceTree = "<group>"; };
		47EFD2474BC0B3C3B7A9ACF1 /* Pods-one2one-Beer-App-one2one-Beer-AppUITests.debug.xcconfig */ = {isa = PBXFileReference; includeInIndex = 1; lastKnownFileType = text.xcconfig; name = "Pods-one2one-Beer-App-one2one-Beer-AppUITests.debug.xcconfig"; path = "Target Support Files/Pods-one2one-Beer-App-one2one-Beer-AppUITests/Pods-one2one-Beer-App-one2one-Beer-AppUITests.debug.xcconfig"; sourceTree = "<group>"; };
		4994463228E847330057547C /* one2one-Beer-App.app */ = {isa = PBXFileReference; explicitFileType = wrapper.application; includeInIndex = 0; path = "one2one-Beer-App.app"; sourceTree = BUILT_PRODUCTS_DIR; };
		4994463528E847330057547C /* AppDelegate.swift */ = {isa = PBXFileReference; lastKnownFileType = sourcecode.swift; path = AppDelegate.swift; sourceTree = "<group>"; };
		4994463728E847330057547C /* SceneDelegate.swift */ = {isa = PBXFileReference; lastKnownFileType = sourcecode.swift; path = SceneDelegate.swift; sourceTree = "<group>"; };
		4994463928E847330057547C /* BeersViewController.swift */ = {isa = PBXFileReference; lastKnownFileType = sourcecode.swift; path = BeersViewController.swift; sourceTree = "<group>"; };
		4994463C28E847330057547C /* Base */ = {isa = PBXFileReference; lastKnownFileType = file.storyboard; name = Base; path = Base.lproj/Main.storyboard; sourceTree = "<group>"; };
		4994463E28E847350057547C /* Assets.xcassets */ = {isa = PBXFileReference; lastKnownFileType = folder.assetcatalog; path = Assets.xcassets; sourceTree = "<group>"; };
		4994464128E847350057547C /* Base */ = {isa = PBXFileReference; lastKnownFileType = file.storyboard; name = Base; path = Base.lproj/LaunchScreen.storyboard; sourceTree = "<group>"; };
		4994464328E847350057547C /* Info.plist */ = {isa = PBXFileReference; lastKnownFileType = text.plist.xml; path = Info.plist; sourceTree = "<group>"; };
		4994464828E847350057547C /* one2one-Beer-AppTests.xctest */ = {isa = PBXFileReference; explicitFileType = wrapper.cfbundle; includeInIndex = 0; path = "one2one-Beer-AppTests.xctest"; sourceTree = BUILT_PRODUCTS_DIR; };
		4994464C28E847350057547C /* one2one_Beer_AppTests.swift */ = {isa = PBXFileReference; lastKnownFileType = sourcecode.swift; path = one2one_Beer_AppTests.swift; sourceTree = "<group>"; };
		4994465228E847350057547C /* one2one-Beer-AppUITests.xctest */ = {isa = PBXFileReference; explicitFileType = wrapper.cfbundle; includeInIndex = 0; path = "one2one-Beer-AppUITests.xctest"; sourceTree = BUILT_PRODUCTS_DIR; };
		4994465628E847350057547C /* one2one_Beer_AppUITests.swift */ = {isa = PBXFileReference; lastKnownFileType = sourcecode.swift; path = one2one_Beer_AppUITests.swift; sourceTree = "<group>"; };
		4994465828E847350057547C /* one2one_Beer_AppUITestsLaunchTests.swift */ = {isa = PBXFileReference; lastKnownFileType = sourcecode.swift; path = one2one_Beer_AppUITestsLaunchTests.swift; sourceTree = "<group>"; };
		4994466A28EAF2B20057547C /* Beer.swift */ = {isa = PBXFileReference; lastKnownFileType = sourcecode.swift; path = Beer.swift; sourceTree = "<group>"; };
		4994466C28EAF5080057547C /* BeersViewModel.swift */ = {isa = PBXFileReference; lastKnownFileType = sourcecode.swift; path = BeersViewModel.swift; sourceTree = "<group>"; };
		4994466E28EB121B0057547C /* ServiceManager.swift */ = {isa = PBXFileReference; lastKnownFileType = sourcecode.swift; path = ServiceManager.swift; sourceTree = "<group>"; };
		4994467028EB31230057547C /* BeerApiManager.swift */ = {isa = PBXFileReference; lastKnownFileType = sourcecode.swift; path = BeerApiManager.swift; sourceTree = "<group>"; };
		49ADAED528EEC0E900409AD5 /* BeerDetailViewController.swift */ = {isa = PBXFileReference; lastKnownFileType = sourcecode.swift; path = BeerDetailViewController.swift; sourceTree = "<group>"; };
		49B7850028ED086E000F9579 /* BeerTableViewCell.swift */ = {isa = PBXFileReference; lastKnownFileType = sourcecode.swift; path = BeerTableViewCell.swift; sourceTree = "<group>"; };
		49BAC47428F093AB00F2A67F /* Helper.swift */ = {isa = PBXFileReference; lastKnownFileType = sourcecode.swift; path = Helper.swift; sourceTree = "<group>"; };
		67E092EEABFF25A739F9D476 /* Pods-one2one-Beer-App-one2one-Beer-AppUITests.release.xcconfig */ = {isa = PBXFileReference; includeInIndex = 1; lastKnownFileType = text.xcconfig; name = "Pods-one2one-Beer-App-one2one-Beer-AppUITests.release.xcconfig"; path = "Target Support Files/Pods-one2one-Beer-App-one2one-Beer-AppUITests/Pods-one2one-Beer-App-one2one-Beer-AppUITests.release.xcconfig"; sourceTree = "<group>"; };
		7E0B195B0CAF1FACDCB19CEC /* Pods-one2one-Beer-App.debug.xcconfig */ = {isa = PBXFileReference; includeInIndex = 1; lastKnownFileType = text.xcconfig; name = "Pods-one2one-Beer-App.debug.xcconfig"; path = "Target Support Files/Pods-one2one-Beer-App/Pods-one2one-Beer-App.debug.xcconfig"; sourceTree = "<group>"; };
		CE70AFE74D2B03C19242DC72 /* Pods_one2one_Beer_AppTests.framework */ = {isa = PBXFileReference; explicitFileType = wrapper.framework; includeInIndex = 0; path = Pods_one2one_Beer_AppTests.framework; sourceTree = BUILT_PRODUCTS_DIR; };
		E20B4B7AC6FC660C6507D335 /* Pods_one2one_Beer_App.framework */ = {isa = PBXFileReference; explicitFileType = wrapper.framework; includeInIndex = 0; path = Pods_one2one_Beer_App.framework; sourceTree = BUILT_PRODUCTS_DIR; };
		E67B170F70B633DB79AB97AC /* Pods_one2one_Beer_App_one2one_Beer_AppUITests.framework */ = {isa = PBXFileReference; explicitFileType = wrapper.framework; includeInIndex = 0; path = Pods_one2one_Beer_App_one2one_Beer_AppUITests.framework; sourceTree = BUILT_PRODUCTS_DIR; };
		F7AF979A8389908BEDBB2B6B /* Pods-one2one-Beer-AppTests.debug.xcconfig */ = {isa = PBXFileReference; includeInIndex = 1; lastKnownFileType = text.xcconfig; name = "Pods-one2one-Beer-AppTests.debug.xcconfig"; path = "Target Support Files/Pods-one2one-Beer-AppTests/Pods-one2one-Beer-AppTests.debug.xcconfig"; sourceTree = "<group>"; };
/* End PBXFileReference section */

/* Begin PBXFrameworksBuildPhase section */
		4994462F28E847330057547C /* Frameworks */ = {
			isa = PBXFrameworksBuildPhase;
			buildActionMask = 2147483647;
			files = (
				BD5EF0D7DACAFBDE71EFC8D3 /* Pods_one2one_Beer_App.framework in Frameworks */,
			);
			runOnlyForDeploymentPostprocessing = 0;
		};
		4994464528E847350057547C /* Frameworks */ = {
			isa = PBXFrameworksBuildPhase;
			buildActionMask = 2147483647;
			files = (
				1B2A88300D6B9171DD462A9A /* Pods_one2one_Beer_AppTests.framework in Frameworks */,
			);
			runOnlyForDeploymentPostprocessing = 0;
		};
		4994464F28E847350057547C /* Frameworks */ = {
			isa = PBXFrameworksBuildPhase;
			buildActionMask = 2147483647;
			files = (
				F60AECDEDBC9DA9045EE419A /* Pods_one2one_Beer_App_one2one_Beer_AppUITests.framework in Frameworks */,
			);
			runOnlyForDeploymentPostprocessing = 0;
		};
/* End PBXFrameworksBuildPhase section */

/* Begin PBXGroup section */
		28903869DD045EC98E8418D7 /* Frameworks */ = {
			isa = PBXGroup;
			children = (
				E20B4B7AC6FC660C6507D335 /* Pods_one2one_Beer_App.framework */,
				E67B170F70B633DB79AB97AC /* Pods_one2one_Beer_App_one2one_Beer_AppUITests.framework */,
				CE70AFE74D2B03C19242DC72 /* Pods_one2one_Beer_AppTests.framework */,
			);
			name = Frameworks;
			sourceTree = "<group>";
		};
		4994462928E847330057547C = {
			isa = PBXGroup;
			children = (
				4994463428E847330057547C /* one2one-Beer-App */,
				4994464B28E847350057547C /* one2one-Beer-AppTests */,
				4994465528E847350057547C /* one2one-Beer-AppUITests */,
				4994463328E847330057547C /* Products */,
				E807C1BD6765B993D5481779 /* Pods */,
				28903869DD045EC98E8418D7 /* Frameworks */,
			);
			sourceTree = "<group>";
		};
		4994463328E847330057547C /* Products */ = {
			isa = PBXGroup;
			children = (
				4994463228E847330057547C /* one2one-Beer-App.app */,
				4994464828E847350057547C /* one2one-Beer-AppTests.xctest */,
				4994465228E847350057547C /* one2one-Beer-AppUITests.xctest */,
			);
			name = Products;
			sourceTree = "<group>";
		};
		4994463428E847330057547C /* one2one-Beer-App */ = {
			isa = PBXGroup;
			children = (
				49BAC47328F0939D00F2A67F /* Helpers */,
				4994466928EAEFFC0057547C /* Services */,
				4994466728E84C2F0057547C /* Models */,
				4994466828EAEB7A0057547C /* ViewModels */,
				4994466628E84AE30057547C /* Controllers */,
				4994466528E84AC70057547C /* Views */,
				4994463528E847330057547C /* AppDelegate.swift */,
				4994463728E847330057547C /* SceneDelegate.swift */,
				4994463B28E847330057547C /* Main.storyboard */,
				4994463E28E847350057547C /* Assets.xcassets */,
				4994464028E847350057547C /* LaunchScreen.storyboard */,
				4994464328E847350057547C /* Info.plist */,
			);
			path = "one2one-Beer-App";
			sourceTree = "<group>";
		};
		4994464B28E847350057547C /* one2one-Beer-AppTests */ = {
			isa = PBXGroup;
			children = (
				4994464C28E847350057547C /* one2one_Beer_AppTests.swift */,
			);
			path = "one2one-Beer-AppTests";
			sourceTree = "<group>";
		};
		4994465528E847350057547C /* one2one-Beer-AppUITests */ = {
			isa = PBXGroup;
			children = (
				4994465628E847350057547C /* one2one_Beer_AppUITests.swift */,
				4994465828E847350057547C /* one2one_Beer_AppUITestsLaunchTests.swift */,
			);
			path = "one2one-Beer-AppUITests";
			sourceTree = "<group>";
		};
		4994466528E84AC70057547C /* Views */ = {
			isa = PBXGroup;
			children = (
				49B7850028ED086E000F9579 /* BeerTableViewCell.swift */,
			);
			path = Views;
			sourceTree = "<group>";
		};
		4994466628E84AE30057547C /* Controllers */ = {
			isa = PBXGroup;
			children = (
				4994463928E847330057547C /* BeersViewController.swift */,
				49ADAED528EEC0E900409AD5 /* BeerDetailViewController.swift */,
			);
			path = Controllers;
			sourceTree = "<group>";
		};
		4994466728E84C2F0057547C /* Models */ = {
			isa = PBXGroup;
			children = (
				4994466A28EAF2B20057547C /* Beer.swift */,
			);
			path = Models;
			sourceTree = "<group>";
		};
		4994466828EAEB7A0057547C /* ViewModels */ = {
			isa = PBXGroup;
			children = (
				4994466C28EAF5080057547C /* BeersViewModel.swift */,
			);
			path = ViewModels;
			sourceTree = "<group>";
		};
		4994466928EAEFFC0057547C /* Services */ = {
			isa = PBXGroup;
			children = (
				4994466E28EB121B0057547C /* ServiceManager.swift */,
				4994467028EB31230057547C /* BeerApiManager.swift */,
			);
			path = Services;
			sourceTree = "<group>";
		};
		49BAC47328F0939D00F2A67F /* Helpers */ = {
			isa = PBXGroup;
			children = (
				49BAC47428F093AB00F2A67F /* Helper.swift */,
			);
			path = Helpers;
			sourceTree = "<group>";
		};
		E807C1BD6765B993D5481779 /* Pods */ = {
			isa = PBXGroup;
			children = (
				7E0B195B0CAF1FACDCB19CEC /* Pods-one2one-Beer-App.debug.xcconfig */,
				1AF8383429985D3D5655E5F5 /* Pods-one2one-Beer-App.release.xcconfig */,
				47EFD2474BC0B3C3B7A9ACF1 /* Pods-one2one-Beer-App-one2one-Beer-AppUITests.debug.xcconfig */,
				67E092EEABFF25A739F9D476 /* Pods-one2one-Beer-App-one2one-Beer-AppUITests.release.xcconfig */,
				F7AF979A8389908BEDBB2B6B /* Pods-one2one-Beer-AppTests.debug.xcconfig */,
				05AF96A4FAE860707A238AFD /* Pods-one2one-Beer-AppTests.release.xcconfig */,
			);
			path = Pods;
			sourceTree = "<group>";
		};
/* End PBXGroup section */

/* Begin PBXNativeTarget section */
		4994463128E847330057547C /* one2one-Beer-App */ = {
			isa = PBXNativeTarget;
			buildConfigurationList = 4994465C28E847350057547C /* Build configuration list for PBXNativeTarget "one2one-Beer-App" */;
			buildPhases = (
				2219972199832B4B65991193 /* [CP] Check Pods Manifest.lock */,
				4994462E28E847330057547C /* Sources */,
				4994462F28E847330057547C /* Frameworks */,
				4994463028E847330057547C /* Resources */,
				D46ACBE429E329371705DBA3 /* [CP] Embed Pods Frameworks */,
			);
			buildRules = (
			);
			dependencies = (
			);
			name = "one2one-Beer-App";
			productName = "one2one-Beer-App";
			productReference = 4994463228E847330057547C /* one2one-Beer-App.app */;
			productType = "com.apple.product-type.application";
		};
		4994464728E847350057547C /* one2one-Beer-AppTests */ = {
			isa = PBXNativeTarget;
			buildConfigurationList = 4994465F28E847350057547C /* Build configuration list for PBXNativeTarget "one2one-Beer-AppTests" */;
			buildPhases = (
				0C7E9FEA6A1266EAE19B3E73 /* [CP] Check Pods Manifest.lock */,
				4994464428E847350057547C /* Sources */,
				4994464528E847350057547C /* Frameworks */,
				4994464628E847350057547C /* Resources */,
			);
			buildRules = (
			);
			dependencies = (
				4994464A28E847350057547C /* PBXTargetDependency */,
			);
			name = "one2one-Beer-AppTests";
			productName = "one2one-Beer-AppTests";
			productReference = 4994464828E847350057547C /* one2one-Beer-AppTests.xctest */;
			productType = "com.apple.product-type.bundle.unit-test";
		};
		4994465128E847350057547C /* one2one-Beer-AppUITests */ = {
			isa = PBXNativeTarget;
			buildConfigurationList = 4994466228E847350057547C /* Build configuration list for PBXNativeTarget "one2one-Beer-AppUITests" */;
			buildPhases = (
				46EF073B08F043650C784709 /* [CP] Check Pods Manifest.lock */,
				4994464E28E847350057547C /* Sources */,
				4994464F28E847350057547C /* Frameworks */,
				4994465028E847350057547C /* Resources */,
				912FA9109C0A1CDF9FB97AD4 /* [CP] Embed Pods Frameworks */,
			);
			buildRules = (
			);
			dependencies = (
				4994465428E847350057547C /* PBXTargetDependency */,
			);
			name = "one2one-Beer-AppUITests";
			productName = "one2one-Beer-AppUITests";
			productReference = 4994465228E847350057547C /* one2one-Beer-AppUITests.xctest */;
			productType = "com.apple.product-type.bundle.ui-testing";
		};
/* End PBXNativeTarget section */

/* Begin PBXProject section */
		4994462A28E847330057547C /* Project object */ = {
			isa = PBXProject;
			attributes = {
				BuildIndependentTargetsInParallel = 1;
				LastSwiftUpdateCheck = 1320;
				LastUpgradeCheck = 1320;
				TargetAttributes = {
					4994463128E847330057547C = {
						CreatedOnToolsVersion = 13.2.1;
					};
					4994464728E847350057547C = {
						CreatedOnToolsVersion = 13.2.1;
						TestTargetID = 4994463128E847330057547C;
					};
					4994465128E847350057547C = {
						CreatedOnToolsVersion = 13.2.1;
						TestTargetID = 4994463128E847330057547C;
					};
				};
			};
			buildConfigurationList = 4994462D28E847330057547C /* Build configuration list for PBXProject "one2one-Beer-App" */;
			compatibilityVersion = "Xcode 13.0";
			developmentRegion = en;
			hasScannedForEncodings = 0;
			knownRegions = (
				en,
				Base,
			);
			mainGroup = 4994462928E847330057547C;
			productRefGroup = 4994463328E847330057547C /* Products */;
			projectDirPath = "";
			projectRoot = "";
			targets = (
				4994463128E847330057547C /* one2one-Beer-App */,
				4994464728E847350057547C /* one2one-Beer-AppTests */,
				4994465128E847350057547C /* one2one-Beer-AppUITests */,
			);
		};
/* End PBXProject section */

/* Begin PBXResourcesBuildPhase section */
		4994463028E847330057547C /* Resources */ = {
			isa = PBXResourcesBuildPhase;
			buildActionMask = 2147483647;
			files = (
				4994464228E847350057547C /* LaunchScreen.storyboard in Resources */,
				4994463F28E847350057547C /* Assets.xcassets in Resources */,
				4994463D28E847330057547C /* Main.storyboard in Resources */,
			);
			runOnlyForDeploymentPostprocessing = 0;
		};
		4994464628E847350057547C /* Resources */ = {
			isa = PBXResourcesBuildPhase;
			buildActionMask = 2147483647;
			files = (
			);
			runOnlyForDeploymentPostprocessing = 0;
		};
		4994465028E847350057547C /* Resources */ = {
			isa = PBXResourcesBuildPhase;
			buildActionMask = 2147483647;
			files = (
			);
			runOnlyForDeploymentPostprocessing = 0;
		};
/* End PBXResourcesBuildPhase section */

/* Begin PBXShellScriptBuildPhase section */
		0C7E9FEA6A1266EAE19B3E73 /* [CP] Check Pods Manifest.lock */ = {
			isa = PBXShellScriptBuildPhase;
			buildActionMask = 2147483647;
			files = (
			);
			inputFileListPaths = (
			);
			inputPaths = (
				"${PODS_PODFILE_DIR_PATH}/Podfile.lock",
				"${PODS_ROOT}/Manifest.lock",
			);
			name = "[CP] Check Pods Manifest.lock";
			outputFileListPaths = (
			);
			outputPaths = (
				"$(DERIVED_FILE_DIR)/Pods-one2one-Beer-AppTests-checkManifestLockResult.txt",
			);
			runOnlyForDeploymentPostprocessing = 0;
			shellPath = /bin/sh;
			shellScript = "diff \"${PODS_PODFILE_DIR_PATH}/Podfile.lock\" \"${PODS_ROOT}/Manifest.lock\" > /dev/null\nif [ $? != 0 ] ; then\n    # print error to STDERR\n    echo \"error: The sandbox is not in sync with the Podfile.lock. Run 'pod install' or update your CocoaPods installation.\" >&2\n    exit 1\nfi\n# This output is used by Xcode 'outputs' to avoid re-running this script phase.\necho \"SUCCESS\" > \"${SCRIPT_OUTPUT_FILE_0}\"\n";
			showEnvVarsInLog = 0;
		};
		2219972199832B4B65991193 /* [CP] Check Pods Manifest.lock */ = {
			isa = PBXShellScriptBuildPhase;
			buildActionMask = 2147483647;
			files = (
			);
			inputFileListPaths = (
			);
			inputPaths = (
				"${PODS_PODFILE_DIR_PATH}/Podfile.lock",
				"${PODS_ROOT}/Manifest.lock",
			);
			name = "[CP] Check Pods Manifest.lock";
			outputFileListPaths = (
			);
			outputPaths = (
				"$(DERIVED_FILE_DIR)/Pods-one2one-Beer-App-checkManifestLockResult.txt",
			);
			runOnlyForDeploymentPostprocessing = 0;
			shellPath = /bin/sh;
			shellScript = "diff \"${PODS_PODFILE_DIR_PATH}/Podfile.lock\" \"${PODS_ROOT}/Manifest.lock\" > /dev/null\nif [ $? != 0 ] ; then\n    # print error to STDERR\n    echo \"error: The sandbox is not in sync with the Podfile.lock. Run 'pod install' or update your CocoaPods installation.\" >&2\n    exit 1\nfi\n# This output is used by Xcode 'outputs' to avoid re-running this script phase.\necho \"SUCCESS\" > \"${SCRIPT_OUTPUT_FILE_0}\"\n";
			showEnvVarsInLog = 0;
		};
		46EF073B08F043650C784709 /* [CP] Check Pods Manifest.lock */ = {
			isa = PBXShellScriptBuildPhase;
			buildActionMask = 2147483647;
			files = (
			);
			inputFileListPaths = (
			);
			inputPaths = (
				"${PODS_PODFILE_DIR_PATH}/Podfile.lock",
				"${PODS_ROOT}/Manifest.lock",
			);
			name = "[CP] Check Pods Manifest.lock";
			outputFileListPaths = (
			);
			outputPaths = (
				"$(DERIVED_FILE_DIR)/Pods-one2one-Beer-App-one2one-Beer-AppUITests-checkManifestLockResult.txt",
			);
			runOnlyForDeploymentPostprocessing = 0;
			shellPath = /bin/sh;
			shellScript = "diff \"${PODS_PODFILE_DIR_PATH}/Podfile.lock\" \"${PODS_ROOT}/Manifest.lock\" > /dev/null\nif [ $? != 0 ] ; then\n    # print error to STDERR\n    echo \"error: The sandbox is not in sync with the Podfile.lock. Run 'pod install' or update your CocoaPods installation.\" >&2\n    exit 1\nfi\n# This output is used by Xcode 'outputs' to avoid re-running this script phase.\necho \"SUCCESS\" > \"${SCRIPT_OUTPUT_FILE_0}\"\n";
			showEnvVarsInLog = 0;
		};
		912FA9109C0A1CDF9FB97AD4 /* [CP] Embed Pods Frameworks */ = {
			isa = PBXShellScriptBuildPhase;
			buildActionMask = 2147483647;
			files = (
			);
			inputFileListPaths = (
				"${PODS_ROOT}/Target Support Files/Pods-one2one-Beer-App-one2one-Beer-AppUITests/Pods-one2one-Beer-App-one2one-Beer-AppUITests-frameworks-${CONFIGURATION}-input-files.xcfilelist",
			);
			name = "[CP] Embed Pods Frameworks";
			outputFileListPaths = (
				"${PODS_ROOT}/Target Support Files/Pods-one2one-Beer-App-one2one-Beer-AppUITests/Pods-one2one-Beer-App-one2one-Beer-AppUITests-frameworks-${CONFIGURATION}-output-files.xcfilelist",
			);
			runOnlyForDeploymentPostprocessing = 0;
			shellPath = /bin/sh;
			shellScript = "\"${PODS_ROOT}/Target Support Files/Pods-one2one-Beer-App-one2one-Beer-AppUITests/Pods-one2one-Beer-App-one2one-Beer-AppUITests-frameworks.sh\"\n";
			showEnvVarsInLog = 0;
		};
		D46ACBE429E329371705DBA3 /* [CP] Embed Pods Frameworks */ = {
			isa = PBXShellScriptBuildPhase;
			buildActionMask = 2147483647;
			files = (
			);
			inputFileListPaths = (
				"${PODS_ROOT}/Target Support Files/Pods-one2one-Beer-App/Pods-one2one-Beer-App-frameworks-${CONFIGURATION}-input-files.xcfilelist",
			);
			name = "[CP] Embed Pods Frameworks";
			outputFileListPaths = (
				"${PODS_ROOT}/Target Support Files/Pods-one2one-Beer-App/Pods-one2one-Beer-App-frameworks-${CONFIGURATION}-output-files.xcfilelist",
			);
			runOnlyForDeploymentPostprocessing = 0;
			shellPath = /bin/sh;
			shellScript = "\"${PODS_ROOT}/Target Support Files/Pods-one2one-Beer-App/Pods-one2one-Beer-App-frameworks.sh\"\n";
			showEnvVarsInLog = 0;
		};
/* End PBXShellScriptBuildPhase section */

/* Begin PBXSourcesBuildPhase section */
		4994462E28E847330057547C /* Sources */ = {
			isa = PBXSourcesBuildPhase;
			buildActionMask = 2147483647;
			files = (
				49BAC47528F093AB00F2A67F /* Helper.swift in Sources */,
				4994463A28E847330057547C /* BeersViewController.swift in Sources */,
				4994463628E847330057547C /* AppDelegate.swift in Sources */,
				4994463828E847330057547C /* SceneDelegate.swift in Sources */,
				49B7850128ED086E000F9579 /* BeerTableViewCell.swift in Sources */,
				4994467128EB31230057547C /* BeerApiManager.swift in Sources */,
				4994466B28EAF2B20057547C /* Beer.swift in Sources */,
				4994466D28EAF5080057547C /* BeersViewModel.swift in Sources */,
				49ADAED628EEC0E900409AD5 /* BeerDetailViewController.swift in Sources */,
				4994466F28EB121B0057547C /* ServiceManager.swift in Sources */,
			);
			runOnlyForDeploymentPostprocessing = 0;
		};
		4994464428E847350057547C /* Sources */ = {
			isa = PBXSourcesBuildPhase;
			buildActionMask = 2147483647;
			files = (
				4994464D28E847350057547C /* one2one_Beer_AppTests.swift in Sources */,
			);
			runOnlyForDeploymentPostprocessing = 0;
		};
		4994464E28E847350057547C /* Sources */ = {
			isa = PBXSourcesBuildPhase;
			buildActionMask = 2147483647;
			files = (
				4994465728E847350057547C /* one2one_Beer_AppUITests.swift in Sources */,
				4994465928E847350057547C /* one2one_Beer_AppUITestsLaunchTests.swift in Sources */,
			);
			runOnlyForDeploymentPostprocessing = 0;
		};
/* End PBXSourcesBuildPhase section */

/* Begin PBXTargetDependency section */
		4994464A28E847350057547C /* PBXTargetDependency */ = {
			isa = PBXTargetDependency;
			target = 4994463128E847330057547C /* one2one-Beer-App */;
			targetProxy = 4994464928E847350057547C /* PBXContainerItemProxy */;
		};
		4994465428E847350057547C /* PBXTargetDependency */ = {
			isa = PBXTargetDependency;
			target = 4994463128E847330057547C /* one2one-Beer-App */;
			targetProxy = 4994465328E847350057547C /* PBXContainerItemProxy */;
		};
/* End PBXTargetDependency section */

/* Begin PBXVariantGroup section */
		4994463B28E847330057547C /* Main.storyboard */ = {
			isa = PBXVariantGroup;
			children = (
				4994463C28E847330057547C /* Base */,
			);
			name = Main.storyboard;
			sourceTree = "<group>";
		};
		4994464028E847350057547C /* LaunchScreen.storyboard */ = {
			isa = PBXVariantGroup;
			children = (
				4994464128E847350057547C /* Base */,
			);
			name = LaunchScreen.storyboard;
			sourceTree = "<group>";
		};
/* End PBXVariantGroup section */

/* Begin XCBuildConfiguration section */
		4994465A28E847350057547C /* Debug */ = {
			isa = XCBuildConfiguration;
			buildSettings = {
				ALWAYS_SEARCH_USER_PATHS = NO;
				CLANG_ANALYZER_NONNULL = YES;
				CLANG_ANALYZER_NUMBER_OBJECT_CONVERSION = YES_AGGRESSIVE;
				CLANG_CXX_LANGUAGE_STANDARD = "gnu++17";
				CLANG_CXX_LIBRARY = "libc++";
				CLANG_ENABLE_MODULES = YES;
				CLANG_ENABLE_OBJC_ARC = YES;
				CLANG_ENABLE_OBJC_WEAK = YES;
				CLANG_WARN_BLOCK_CAPTURE_AUTORELEASING = YES;
				CLANG_WARN_BOOL_CONVERSION = YES;
				CLANG_WARN_COMMA = YES;
				CLANG_WARN_CONSTANT_CONVERSION = YES;
				CLANG_WARN_DEPRECATED_OBJC_IMPLEMENTATIONS = YES;
				CLANG_WARN_DIRECT_OBJC_ISA_USAGE = YES_ERROR;
				CLANG_WARN_DOCUMENTATION_COMMENTS = YES;
				CLANG_WARN_EMPTY_BODY = YES;
				CLANG_WARN_ENUM_CONVERSION = YES;
				CLANG_WARN_INFINITE_RECURSION = YES;
				CLANG_WARN_INT_CONVERSION = YES;
				CLANG_WARN_NON_LITERAL_NULL_CONVERSION = YES;
				CLANG_WARN_OBJC_IMPLICIT_RETAIN_SELF = YES;
				CLANG_WARN_OBJC_LITERAL_CONVERSION = YES;
				CLANG_WARN_OBJC_ROOT_CLASS = YES_ERROR;
				CLANG_WARN_QUOTED_INCLUDE_IN_FRAMEWORK_HEADER = YES;
				CLANG_WARN_RANGE_LOOP_ANALYSIS = YES;
				CLANG_WARN_STRICT_PROTOTYPES = YES;
				CLANG_WARN_SUSPICIOUS_MOVE = YES;
				CLANG_WARN_UNGUARDED_AVAILABILITY = YES_AGGRESSIVE;
				CLANG_WARN_UNREACHABLE_CODE = YES;
				CLANG_WARN__DUPLICATE_METHOD_MATCH = YES;
				COPY_PHASE_STRIP = NO;
				DEBUG_INFORMATION_FORMAT = dwarf;
				ENABLE_STRICT_OBJC_MSGSEND = YES;
				ENABLE_TESTABILITY = YES;
				GCC_C_LANGUAGE_STANDARD = gnu11;
				GCC_DYNAMIC_NO_PIC = NO;
				GCC_NO_COMMON_BLOCKS = YES;
				GCC_OPTIMIZATION_LEVEL = 0;
				GCC_PREPROCESSOR_DEFINITIONS = (
					"DEBUG=1",
					"$(inherited)",
				);
				GCC_WARN_64_TO_32_BIT_CONVERSION = YES;
				GCC_WARN_ABOUT_RETURN_TYPE = YES_ERROR;
				GCC_WARN_UNDECLARED_SELECTOR = YES;
				GCC_WARN_UNINITIALIZED_AUTOS = YES_AGGRESSIVE;
				GCC_WARN_UNUSED_FUNCTION = YES;
				GCC_WARN_UNUSED_VARIABLE = YES;
				IPHONEOS_DEPLOYMENT_TARGET = 15.2;
				MTL_ENABLE_DEBUG_INFO = INCLUDE_SOURCE;
				MTL_FAST_MATH = YES;
				ONLY_ACTIVE_ARCH = YES;
				SDKROOT = iphoneos;
				SWIFT_ACTIVE_COMPILATION_CONDITIONS = DEBUG;
				SWIFT_OPTIMIZATION_LEVEL = "-Onone";
			};
			name = Debug;
		};
		4994465B28E847350057547C /* Release */ = {
			isa = XCBuildConfiguration;
			buildSettings = {
				ALWAYS_SEARCH_USER_PATHS = NO;
				CLANG_ANALYZER_NONNULL = YES;
				CLANG_ANALYZER_NUMBER_OBJECT_CONVERSION = YES_AGGRESSIVE;
				CLANG_CXX_LANGUAGE_STANDARD = "gnu++17";
				CLANG_CXX_LIBRARY = "libc++";
				CLANG_ENABLE_MODULES = YES;
				CLANG_ENABLE_OBJC_ARC = YES;
				CLANG_ENABLE_OBJC_WEAK = YES;
				CLANG_WARN_BLOCK_CAPTURE_AUTORELEASING = YES;
				CLANG_WARN_BOOL_CONVERSION = YES;
				CLANG_WARN_COMMA = YES;
				CLANG_WARN_CONSTANT_CONVERSION = YES;
				CLANG_WARN_DEPRECATED_OBJC_IMPLEMENTATIONS = YES;
				CLANG_WARN_DIRECT_OBJC_ISA_USAGE = YES_ERROR;
				CLANG_WARN_DOCUMENTATION_COMMENTS = YES;
				CLANG_WARN_EMPTY_BODY = YES;
				CLANG_WARN_ENUM_CONVERSION = YES;
				CLANG_WARN_INFINITE_RECURSION = YES;
				CLANG_WARN_INT_CONVERSION = YES;
				CLANG_WARN_NON_LITERAL_NULL_CONVERSION = YES;
				CLANG_WARN_OBJC_IMPLICIT_RETAIN_SELF = YES;
				CLANG_WARN_OBJC_LITERAL_CONVERSION = YES;
				CLANG_WARN_OBJC_ROOT_CLASS = YES_ERROR;
				CLANG_WARN_QUOTED_INCLUDE_IN_FRAMEWORK_HEADER = YES;
				CLANG_WARN_RANGE_LOOP_ANALYSIS = YES;
				CLANG_WARN_STRICT_PROTOTYPES = YES;
				CLANG_WARN_SUSPICIOUS_MOVE = YES;
				CLANG_WARN_UNGUARDED_AVAILABILITY = YES_AGGRESSIVE;
				CLANG_WARN_UNREACHABLE_CODE = YES;
				CLANG_WARN__DUPLICATE_METHOD_MATCH = YES;
				COPY_PHASE_STRIP = NO;
				DEBUG_INFORMATION_FORMAT = "dwarf-with-dsym";
				ENABLE_NS_ASSERTIONS = NO;
				ENABLE_STRICT_OBJC_MSGSEND = YES;
				GCC_C_LANGUAGE_STANDARD = gnu11;
				GCC_NO_COMMON_BLOCKS = YES;
				GCC_WARN_64_TO_32_BIT_CONVERSION = YES;
				GCC_WARN_ABOUT_RETURN_TYPE = YES_ERROR;
				GCC_WARN_UNDECLARED_SELECTOR = YES;
				GCC_WARN_UNINITIALIZED_AUTOS = YES_AGGRESSIVE;
				GCC_WARN_UNUSED_FUNCTION = YES;
				GCC_WARN_UNUSED_VARIABLE = YES;
				IPHONEOS_DEPLOYMENT_TARGET = 15.2;
				MTL_ENABLE_DEBUG_INFO = NO;
				MTL_FAST_MATH = YES;
				SDKROOT = iphoneos;
				SWIFT_COMPILATION_MODE = wholemodule;
				SWIFT_OPTIMIZATION_LEVEL = "-O";
				VALIDATE_PRODUCT = YES;
			};
			name = Release;
		};
		4994465D28E847350057547C /* Debug */ = {
			isa = XCBuildConfiguration;
			baseConfigurationReference = 7E0B195B0CAF1FACDCB19CEC /* Pods-one2one-Beer-App.debug.xcconfig */;
			buildSettings = {
				ASSETCATALOG_COMPILER_APPICON_NAME = AppIcon;
				ASSETCATALOG_COMPILER_GLOBAL_ACCENT_COLOR_NAME = AccentColor;
				CODE_SIGN_STYLE = Automatic;
				CURRENT_PROJECT_VERSION = 1;
				GENERATE_INFOPLIST_FILE = YES;
				INFOPLIST_FILE = "one2one-Beer-App/Info.plist";
				INFOPLIST_KEY_UIApplicationSupportsIndirectInputEvents = YES;
				INFOPLIST_KEY_UILaunchStoryboardName = LaunchScreen;
				INFOPLIST_KEY_UIMainStoryboardFile = Main;
				INFOPLIST_KEY_UISupportedInterfaceOrientations_iPad = "UIInterfaceOrientationPortrait UIInterfaceOrientationPortraitUpsideDown UIInterfaceOrientationLandscapeLeft UIInterfaceOrientationLandscapeRight";
				INFOPLIST_KEY_UISupportedInterfaceOrientations_iPhone = "UIInterfaceOrientationPortrait UIInterfaceOrientationLandscapeLeft UIInterfaceOrientationLandscapeRight";
				LD_RUNPATH_SEARCH_PATHS = (
					"$(inherited)",
					"@executable_path/Frameworks",
				);
				MARKETING_VERSION = 1.0;
				PRODUCT_BUNDLE_IDENTIFIER = "Marc.one2one-Beer-App";
				PRODUCT_NAME = "$(TARGET_NAME)";
				SWIFT_EMIT_LOC_STRINGS = YES;
				SWIFT_VERSION = 5.0;
				TARGETED_DEVICE_FAMILY = "1,2";
			};
			name = Debug;
		};
		4994465E28E847350057547C /* Release */ = {
			isa = XCBuildConfiguration;
			baseConfigurationReference = 1AF8383429985D3D5655E5F5 /* Pods-one2one-Beer-App.release.xcconfig */;
			buildSettings = {
				ASSETCATALOG_COMPILER_APPICON_NAME = AppIcon;
				ASSETCATALOG_COMPILER_GLOBAL_ACCENT_COLOR_NAME = AccentColor;
				CODE_SIGN_STYLE = Automatic;
				CURRENT_PROJECT_VERSION = 1;
				GENERATE_INFOPLIST_FILE = YES;
				INFOPLIST_FILE = "one2one-Beer-App/Info.plist";
				INFOPLIST_KEY_UIApplicationSupportsIndirectInputEvents = YES;
				INFOPLIST_KEY_UILaunchStoryboardName = LaunchScreen;
				INFOPLIST_KEY_UIMainStoryboardFile = Main;
				INFOPLIST_KEY_UISupportedInterfaceOrientations_iPad = "UIInterfaceOrientationPortrait UIInterfaceOrientationPortraitUpsideDown UIInterfaceOrientationLandscapeLeft UIInterfaceOrientationLandscapeRight";
				INFOPLIST_KEY_UISupportedInterfaceOrientations_iPhone = "UIInterfaceOrientationPortrait UIInterfaceOrientationLandscapeLeft UIInterfaceOrientationLandscapeRight";
				LD_RUNPATH_SEARCH_PATHS = (
					"$(inherited)",
					"@executable_path/Frameworks",
				);
				MARKETING_VERSION = 1.0;
				PRODUCT_BUNDLE_IDENTIFIER = "Marc.one2one-Beer-App";
				PRODUCT_NAME = "$(TARGET_NAME)";
				SWIFT_EMIT_LOC_STRINGS = YES;
				SWIFT_VERSION = 5.0;
				TARGETED_DEVICE_FAMILY = "1,2";
			};
			name = Release;
		};
		4994466028E847350057547C /* Debug */ = {
			isa = XCBuildConfiguration;
			baseConfigurationReference = F7AF979A8389908BEDBB2B6B /* Pods-one2one-Beer-AppTests.debug.xcconfig */;
			buildSettings = {
				ALWAYS_EMBED_SWIFT_STANDARD_LIBRARIES = YES;
				BUNDLE_LOADER = "$(TEST_HOST)";
				CODE_SIGN_STYLE = Automatic;
				CURRENT_PROJECT_VERSION = 1;
				GENERATE_INFOPLIST_FILE = YES;
				IPHONEOS_DEPLOYMENT_TARGET = 15.2;
				MARKETING_VERSION = 1.0;
				PRODUCT_BUNDLE_IDENTIFIER = "Marc.one2one-Beer-AppTests";
				PRODUCT_NAME = "$(TARGET_NAME)";
				SWIFT_EMIT_LOC_STRINGS = NO;
				SWIFT_VERSION = 5.0;
				TARGETED_DEVICE_FAMILY = "1,2";
				TEST_HOST = "$(BUILT_PRODUCTS_DIR)/one2one-Beer-App.app/one2one-Beer-App";
			};
			name = Debug;
		};
		4994466128E847350057547C /* Release */ = {
			isa = XCBuildConfiguration;
			baseConfigurationReference = 05AF96A4FAE860707A238AFD /* Pods-one2one-Beer-AppTests.release.xcconfig */;
			buildSettings = {
				ALWAYS_EMBED_SWIFT_STANDARD_LIBRARIES = YES;
				BUNDLE_LOADER = "$(TEST_HOST)";
				CODE_SIGN_STYLE = Automatic;
				CURRENT_PROJECT_VERSION = 1;
				GENERATE_INFOPLIST_FILE = YES;
				IPHONEOS_DEPLOYMENT_TARGET = 15.2;
				MARKETING_VERSION = 1.0;
				PRODUCT_BUNDLE_IDENTIFIER = "Marc.one2one-Beer-AppTests";
				PRODUCT_NAME = "$(TARGET_NAME)";
				SWIFT_EMIT_LOC_STRINGS = NO;
				SWIFT_VERSION = 5.0;
				TARGETED_DEVICE_FAMILY = "1,2";
				TEST_HOST = "$(BUILT_PRODUCTS_DIR)/one2one-Beer-App.app/one2one-Beer-App";
			};
			name = Release;
		};
		4994466328E847350057547C /* Debug */ = {
			isa = XCBuildConfiguration;
			baseConfigurationReference = 47EFD2474BC0B3C3B7A9ACF1 /* Pods-one2one-Beer-App-one2one-Beer-AppUITests.debug.xcconfig */;
			buildSettings = {
				ALWAYS_EMBED_SWIFT_STANDARD_LIBRARIES = YES;
				CODE_SIGN_STYLE = Automatic;
				CURRENT_PROJECT_VERSION = 1;
				GENERATE_INFOPLIST_FILE = YES;
				MARKETING_VERSION = 1.0;
				PRODUCT_BUNDLE_IDENTIFIER = "Marc.one2one-Beer-AppUITests";
				PRODUCT_NAME = "$(TARGET_NAME)";
				SWIFT_EMIT_LOC_STRINGS = NO;
				SWIFT_VERSION = 5.0;
				TARGETED_DEVICE_FAMILY = "1,2";
				TEST_TARGET_NAME = "one2one-Beer-App";
			};
			name = Debug;
		};
		4994466428E847350057547C /* Release */ = {
			isa = XCBuildConfiguration;
			baseConfigurationReference = 67E092EEABFF25A739F9D476 /* Pods-one2one-Beer-App-one2one-Beer-AppUITests.release.xcconfig */;
			buildSettings = {
				ALWAYS_EMBED_SWIFT_STANDARD_LIBRARIES = YES;
				CODE_SIGN_STYLE = Automatic;
				CURRENT_PROJECT_VERSION = 1;
				GENERATE_INFOPLIST_FILE = YES;
				MARKETING_VERSION = 1.0;
				PRODUCT_BUNDLE_IDENTIFIER = "Marc.one2one-Beer-AppUITests";
				PRODUCT_NAME = "$(TARGET_NAME)";
				SWIFT_EMIT_LOC_STRINGS = NO;
				SWIFT_VERSION = 5.0;
				TARGETED_DEVICE_FAMILY = "1,2";
				TEST_TARGET_NAME = "one2one-Beer-App";
			};
			name = Release;
		};
/* End XCBuildConfiguration section */

/* Begin XCConfigurationList section */
		4994462D28E847330057547C /* Build configuration list for PBXProject "one2one-Beer-App" */ = {
			isa = XCConfigurationList;
			buildConfigurations = (
				4994465A28E847350057547C /* Debug */,
				4994465B28E847350057547C /* Release */,
			);
			defaultConfigurationIsVisible = 0;
			defaultConfigurationName = Release;
		};
		4994465C28E847350057547C /* Build configuration list for PBXNativeTarget "one2one-Beer-App" */ = {
			isa = XCConfigurationList;
			buildConfigurations = (
				4994465D28E847350057547C /* Debug */,
				4994465E28E847350057547C /* Release */,
			);
			defaultConfigurationIsVisible = 0;
			defaultConfigurationName = Release;
		};
		4994465F28E847350057547C /* Build configuration list for PBXNativeTarget "one2one-Beer-AppTests" */ = {
			isa = XCConfigurationList;
			buildConfigurations = (
				4994466028E847350057547C /* Debug */,
				4994466128E847350057547C /* Release */,
			);
			defaultConfigurationIsVisible = 0;
			defaultConfigurationName = Release;
		};
		4994466228E847350057547C /* Build configuration list for PBXNativeTarget "one2one-Beer-AppUITests" */ = {
			isa = XCConfigurationList;
			buildConfigurations = (
				4994466328E847350057547C /* Debug */,
				4994466428E847350057547C /* Release */,
			);
			defaultConfigurationIsVisible = 0;
			defaultConfigurationName = Release;
		};
/* End XCConfigurationList section */
	};
	rootObject = 4994462A28E847330057547C /* Project object */;
}
